{
  "lockfileVersion": 1,
  "configVersion": 0,
  "workspaces": {
    "": {
      "name": ".",
      "dependencies": {
        "@aklinker1/logger": "^1.0.6",
        "@aklinker1/zero-ioc": "^1.5.1",
        "@aklinker1/zeta": "^2.2.0",
        "dataloader": "^2.2.3",
        "dedent": "^1.7.2",
        "graphql": "^16.13.2",
        "linkedom": "^0.18.12",
        "zod": "^4.3.6",
      },
      "devDependencies": {
        "@aklinker1/check": "^2.4.0",
        "@types/bun": "1.3.12",
        "@typescript/native-preview": "^7.0.0-dev.20260411.1",
        "code-block-writer": "^13.0.3",
        "cspell": "^10.0.0",
        "nano-staged": "^1.0.2",
        "oxlint": "^1.59.0",
        "prettier": "^3.8.2",
        "simple-git-hooks": "^2.13.1",
      },
    },
  },
  "packages": {
    "@aklinker1/check": ["@aklinker1/check@2.4.0", "", { "bin": { "check": "bin/check.mjs" } }, "sha512-HkISZz9zeE34IVvCJfisvdp544B4blb2mO1a6UQotBof2mjToFs430FzSKX/lamfCPwYlj2xkYyYD8MMnwsuRg=="],

    "@aklinker1/logger": ["@aklinker1/logger@1.0.6", "", {}, "sha512-EMlpsa3tBgxSAzXV+WgnUNkaCh3G1SvYkvDjHhG9pQcBG+YxUKXtIUFuazQbyotsH/cdRMG+RxI7GI8NCQ40OQ=="],

    "@aklinker1/zero-ioc": ["@aklinker1/zero-ioc@1.5.1", "", {}, "sha512-PIv6SlAJFIfBA7nrUxBswsMsUHSjHK0DYMqSxj9pFItst6lwJYTP9XfTo7lY1f/swwzauieRG7YopAjd1rvQfw=="],

    "@aklinker1/zeta": ["@aklinker1/zeta@2.2.0", "", { "dependencies": { "@standard-schema/spec": "^1.0.0", "openapi-types": "^12.1.3", "rou3": "^0.7.12", "scule": "^1.3.0" }, "peerDependencies": { "@types/bun": "*", "@types/deno": "*" }, "optionalPeers": ["@types/bun", "@types/deno"] }, "sha512-xTCBSNnP5ZhBTrB2wBl1tsX68zFczzucvTXZd4+rvFCWHNjPTvx1GzMP99eo6XcB3EjeijJxXsri1ungH8Q75A=="],

    "@cspell/cspell-bundled-dicts": ["@cspell/cspell-bundled-dicts@10.0.0", "", { "dependencies": { "@cspell/dict-ada": "^4.1.1", "@cspell/dict-al": "^1.1.1", "@cspell/dict-aws": "^4.0.17", "@cspell/dict-bash": "^4.2.2", "@cspell/dict-companies": "^3.2.11", "@cspell/dict-cpp": "^7.0.2", "@cspell/dict-cryptocurrencies": "^5.0.5", "@cspell/dict-csharp": "^4.0.8", "@cspell/dict-css": "^4.1.1", "@cspell/dict-dart": "^2.3.2", "@cspell/dict-data-science": "^2.0.13", "@cspell/dict-django": "^4.1.6", "@cspell/dict-docker": "^1.1.17", "@cspell/dict-dotnet": "^5.0.13", "@cspell/dict-elixir": "^4.0.8", "@cspell/dict-en-common-misspellings": "^2.1.12", "@cspell/dict-en-gb-mit": "^3.1.22", "@cspell/dict-en_us": "^4.4.33", "@cspell/dict-filetypes": "^3.0.18", "@cspell/dict-flutter": "^1.1.1", "@cspell/dict-fonts": "^4.0.6", "@cspell/dict-fsharp": "^1.1.1", "@cspell/dict-fullstack": "^3.2.9", "@cspell/dict-gaming-terms": "^1.1.2", "@cspell/dict-git": "^3.1.0", "@cspell/dict-golang": "^6.0.26", "@cspell/dict-google": "^1.0.9", "@cspell/dict-haskell": "^4.0.6", "@cspell/dict-html": "^4.0.15", "@cspell/dict-html-symbol-entities": "^4.0.5", "@cspell/dict-java": "^5.0.12", "@cspell/dict-julia": "^1.1.1", "@cspell/dict-k8s": "^1.0.12", "@cspell/dict-kotlin": "^1.1.1", "@cspell/dict-latex": "^5.1.0", "@cspell/dict-lorem-ipsum": "^4.0.5", "@cspell/dict-lua": "^4.0.8", "@cspell/dict-makefile": "^1.0.5", "@cspell/dict-markdown": "^2.0.16", "@cspell/dict-monkeyc": "^1.0.12", "@cspell/dict-node": "^5.0.9", "@cspell/dict-npm": "^5.2.38", "@cspell/dict-php": "^4.1.1", "@cspell/dict-powershell": "^5.0.15", "@cspell/dict-public-licenses": "^2.0.16", "@cspell/dict-python": "^4.2.26", "@cspell/dict-r": "^2.1.1", "@cspell/dict-ruby": "^5.1.1", "@cspell/dict-rust": "^4.1.2", "@cspell/dict-scala": "^5.0.9", "@cspell/dict-shell": "^1.1.2", "@cspell/dict-software-terms": "^5.2.2", "@cspell/dict-sql": "^2.2.1", "@cspell/dict-svelte": "^1.0.7", "@cspell/dict-swift": "^2.0.6", "@cspell/dict-terraform": "^1.1.3", "@cspell/dict-typescript": "^3.2.3", "@cspell/dict-vue": "^3.0.5", "@cspell/dict-zig": "^1.0.0" } }, "sha512-ci410HEkng2582oOjlRHQtlGXwh+rUC/mVcN9dObLHpKhvPgzn2S6vT56pARstxxZpcCUG/oLhn3dCqdJlVzmA=="],

    "@cspell/cspell-json-reporter": ["@cspell/cspell-json-reporter@10.0.0", "", { "dependencies": { "@cspell/cspell-types": "10.0.0" } }, "sha512-hq5dui2ngYMZKbBauX7K1tkqlu81sX/uaCO49ZJLPjeZsE1auZLtHehDLfAr/ZXoj/dLYeQMSKiaJyE+qLVPHA=="],

    "@cspell/cspell-performance-monitor": ["@cspell/cspell-performance-monitor@10.0.0", "", {}, "sha512-2vMh2pLt2dg/ArYvWjMP4v9HCm0pRhONsEJyc8oHdZyOYvX7trixX894I0M39+VBf3yWtPCEgYRh1UDXNIZRig=="],

    "@cspell/cspell-pipe": ["@cspell/cspell-pipe@10.0.0", "", {}, "sha512-qcgHhQvtEX8LSwIVsWrdUgiGim52lN3jT+ghlkdp72v+nBcGKsS2frEKTmbGLug+xcqppkzs6Q6VmsFp1MGtfA=="],

    "@cspell/cspell-resolver": ["@cspell/cspell-resolver@10.0.0", "", { "dependencies": { "global-directory": "^5.0.0" } }, "sha512-8H+IUDB7SmrpcRugQ5f55qG81ZShk6nQRk+natLz41TEY98D8/LCmjHEkh/vhDPph9pVJmNUp7JcM2E1UHEa2g=="],

    "@cspell/cspell-service-bus": ["@cspell/cspell-service-bus@10.0.0", "", {}, "sha512-V7eigqg/TOoKwNK4Q18wr9KGxA8U5SFcoWVS8RyAxv4mQ+yNKHhvHEbRBifjPbQDer66afOrclb2UbqkIy2SOw=="],

    "@cspell/cspell-types": ["@cspell/cspell-types@10.0.0", "", {}, "sha512-IQA++Idqb8fZzkCbHq3+T+9yG9WpeaBxomOrG2KcR/Pj0CgnovzuApYKL2cc35UWLePboKinMeqEPiweFpHVug=="],

    "@cspell/cspell-worker": ["@cspell/cspell-worker@10.0.0", "", { "dependencies": { "cspell-lib": "10.0.0" } }, "sha512-V5bjMldNksilnja3fu8muQmkW5/guyua1yNVOhoE2r7othSvjuDlGMl8g2bQSrWjp+UXu0dP/BEZ6JC/IfNwTA=="],

    "@cspell/dict-ada": ["@cspell/dict-ada@4.1.1", "", {}, "sha512-E+0YW9RhZod/9Qy2gxfNZiHJjCYFlCdI69br1eviQQWB8yOTJX0JHXLs79kOYhSW0kINPVUdvddEBe6Lu6CjGQ=="],

    "@cspell/dict-al": ["@cspell/dict-al@1.1.1", "", {}, "sha512-sD8GCaZetgQL4+MaJLXqbzWcRjfKVp8x+px3HuCaaiATAAtvjwUQ5/Iubiqwfd1boIh2Y1/3EgM3TLQ7Q8e0wQ=="],

    "@cspell/dict-aws": ["@cspell/dict-aws@4.0.17", "", {}, "sha512-ORcblTWcdlGjIbWrgKF+8CNEBQiLVKdUOFoTn0KPNkAYnFcdPP0muT4892h7H4Xafh3j72wqB4/loQ6Nti9E/w=="],

    "@cspell/dict-bash": ["@cspell/dict-bash@4.2.2", "", { "dependencies": { "@cspell/dict-shell": "1.1.2" } }, "sha512-kyWbwtX3TsCf5l49gGQIZkRLaB/P8g73GDRm41Zu8Mv51kjl2H7Au0TsEvHv7jzcsRLS6aUYaZv6Zsvk1fOz+Q=="],

    "@cspell/dict-companies": ["@cspell/dict-companies@3.2.11", "", {}, "sha512-0cmafbcz2pTHXLd59eLR1gvDvN6aWAOM0+cIL4LLF9GX9yB2iKDNrKsvs4tJRqutoaTdwNFBbV0FYv+6iCtebQ=="],

    "@cspell/dict-cpp": ["@cspell/dict-cpp@7.0.2", "", {}, "sha512-dfbeERiVNeqmo/npivdR6rDiBCqZi3QtjH2Z0HFcXwpdj6i97dX1xaKyK2GUsO/p4u1TOv63Dmj5Vm48haDpuA=="],

    "@cspell/dict-cryptocurrencies": ["@cspell/dict-cryptocurrencies@5.0.5", "", {}, "sha512-R68hYYF/rtlE6T/dsObStzN5QZw+0aQBinAXuWCVqwdS7YZo0X33vGMfChkHaiCo3Z2+bkegqHlqxZF4TD3rUA=="],

    "@cspell/dict-csharp": ["@cspell/dict-csharp@4.0.8", "", {}, "sha512-qmk45pKFHSxckl5mSlbHxmDitSsGMlk/XzFgt7emeTJWLNSTUK//MbYAkBNRtfzB4uD7pAFiKgpKgtJrTMRnrQ=="],

    "@cspell/dict-css": ["@cspell/dict-css@4.1.1", "", {}, "sha512-y/Vgo6qY08e1t9OqR56qjoFLBCpi4QfWMf2qzD1l9omRZwvSMQGRPz4x0bxkkkU4oocMAeztjzCsmLew//c/8w=="],

    "@cspell/dict-dart": ["@cspell/dict-dart@2.3.2", "", {}, "sha512-sUiLW56t9gfZcu8iR/5EUg+KYyRD83Cjl3yjDEA2ApVuJvK1HhX+vn4e4k4YfjpUQMag8XO2AaRhARE09+/rqw=="],

    "@cspell/dict-data-science": ["@cspell/dict-data-science@2.0.13", "", {}, "sha512-l1HMEhBJkPmw4I2YGVu2eBSKM89K9pVF+N6qIr5Uo5H3O979jVodtuwP8I7LyPrJnC6nz28oxeGRCLh9xC5CVA=="],

    "@cspell/dict-django": ["@cspell/dict-django@4.1.6", "", {}, "sha512-SdbSFDGy9ulETqNz15oWv2+kpWLlk8DJYd573xhIkeRdcXOjskRuxjSZPKfW7O3NxN/KEf3gm3IevVOiNuFS+w=="],

    "@cspell/dict-docker": ["@cspell/dict-docker@1.1.17", "", {}, "sha512-OcnVTIpHIYYKhztNTyK8ShAnXTfnqs43hVH6p0py0wlcwRIXe5uj4f12n7zPf2CeBI7JAlPjEsV0Rlf4hbz/xQ=="],

    "@cspell/dict-dotnet": ["@cspell/dict-dotnet@5.0.13", "", {}, "sha512-xPp7jMnFpOri7tzmqmm/dXMolXz1t2bhNqxYkOyMqXhvs08oc7BFs+EsbDY0X7hqiISgeFZGNqn0dOCr+ncPYw=="],

    "@cspell/dict-elixir": ["@cspell/dict-elixir@4.0.8", "", {}, "sha512-CyfphrbMyl4Ms55Vzuj+mNmd693HjBFr9hvU+B2YbFEZprE5AG+EXLYTMRWrXbpds4AuZcvN3deM2XVB80BN/Q=="],

    "@cspell/dict-en-common-misspellings": ["@cspell/dict-en-common-misspellings@2.1.12", "", {}, "sha512-14Eu6QGqyksqOd4fYPuRb58lK1Va7FQK9XxFsRKnZU8LhL3N+kj7YKDW+7aIaAN/0WGEqslGP6lGbQzNti8Akw=="],

    "@cspell/dict-en-gb-mit": ["@cspell/dict-en-gb-mit@3.1.22", "", {}, "sha512-xE5Vg6gGdMkZ1Ep6z9SJMMioGkkT1GbxS5Mm0U3Ey1/H68P0G7cJcyiVr1CARxFbLqKE4QUpoV1o6jz1Z5Yl9Q=="],

    "@cspell/dict-en_us": ["@cspell/dict-en_us@4.4.33", "", {}, "sha512-zWftVqfUStDA37wO1ZNDN1qMJOfcxELa8ucHW8W8wBAZY3TK5Nb6deLogCK/IJi/Qljf30dwwuqqv84Qqle9Tw=="],

    "@cspell/dict-filetypes": ["@cspell/dict-filetypes@3.0.18", "", {}, "sha512-yU7RKD/x1IWmDLzWeiItMwgV+6bUcU/af23uS0+uGiFUbsY1qWV/D4rxlAAO6Z7no3J2z8aZOkYIOvUrJq0Rcw=="],

    "@cspell/dict-flutter": ["@cspell/dict-flutter@1.1.1", "", {}, "sha512-UlOzRcH2tNbFhZmHJN48Za/2/MEdRHl2BMkCWZBYs+30b91mWvBfzaN4IJQU7dUZtowKayVIF9FzvLZtZokc5A=="],

    "@cspell/dict-fonts": ["@cspell/dict-fonts@4.0.6", "", {}, "sha512-aR/0csY01dNb0A1tw/UmN9rKgHruUxsYsvXu6YlSBJFu60s26SKr/k1o4LavpHTQ+lznlYMqAvuxGkE4Flliqw=="],

    "@cspell/dict-fsharp": ["@cspell/dict-fsharp@1.1.1", "", {}, "sha512-imhs0u87wEA4/cYjgzS0tAyaJpwG7vwtC8UyMFbwpmtw+/bgss+osNfyqhYRyS/ehVCWL17Ewx2UPkexjKyaBA=="],

    "@cspell/dict-fullstack": ["@cspell/dict-fullstack@3.2.9", "", {}, "sha512-diZX+usW5aZ4/b2T0QM/H/Wl9aNMbdODa1Jq0ReBr/jazmNeWjd+PyqeVgzd1joEaHY+SAnjrf/i9CwKd2ZtWQ=="],

    "@cspell/dict-gaming-terms": ["@cspell/dict-gaming-terms@1.1.2", "", {}, "sha512-9XnOvaoTBscq0xuD6KTEIkk9hhdfBkkvJAIsvw3JMcnp1214OCGW8+kako5RqQ2vTZR3Tnf3pc57o7VgkM0q1Q=="],

    "@cspell/dict-git": ["@cspell/dict-git@3.1.0", "", {}, "sha512-KEt9zGkxqGy2q1nwH4CbyqTSv5nadpn8BAlDnzlRcnL0Xb3LX9xTgSGShKvzb0bw35lHoYyLWN2ZKAqbC4pgGQ=="],

    "@cspell/dict-golang": ["@cspell/dict-golang@6.0.26", "", {}, "sha512-YKA7Xm5KeOd14v5SQ4ll6afe9VSy3a2DWM7L9uBq4u3lXToRBQ1W5PRa+/Q9udd+DTURyVVnQ+7b9cnOlNxaRg=="],

    "@cspell/dict-google": ["@cspell/dict-google@1.0.9", "", {}, "sha512-biL65POqialY0i4g6crj7pR6JnBkbsPovB2WDYkj3H4TuC/QXv7Pu5pdPxeUJA6TSCHI7T5twsO4VSVyRxD9CA=="],

    "@cspell/dict-haskell": ["@cspell/dict-haskell@4.0.6", "", {}, "sha512-ib8SA5qgftExpYNjWhpYIgvDsZ/0wvKKxSP+kuSkkak520iPvTJumEpIE+qPcmJQo4NzdKMN8nEfaeci4OcFAQ=="],

    "@cspell/dict-html": ["@cspell/dict-html@4.0.15", "", {}, "sha512-GJYnYKoD9fmo2OI0aySEGZOjThnx3upSUvV7mmqUu8oG+mGgzqm82P/f7OqsuvTaInZZwZbo+PwJQd/yHcyFIw=="],

    "@cspell/dict-html-symbol-entities": ["@cspell/dict-html-symbol-entities@4.0.5", "", {}, "sha512-429alTD4cE0FIwpMucvSN35Ld87HCyuM8mF731KU5Rm4Je2SG6hmVx7nkBsLyrmH3sQukTcr1GaiZsiEg8svPA=="],

    "@cspell/dict-java": ["@cspell/dict-java@5.0.12", "", {}, "sha512-qPSNhTcl7LGJ5Qp6VN71H8zqvRQK04S08T67knMq9hTA8U7G1sTKzLmBaDOFhq17vNX/+rT+rbRYp+B5Nwza1A=="],

    "@cspell/dict-julia": ["@cspell/dict-julia@1.1.1", "", {}, "sha512-WylJR9TQ2cgwd5BWEOfdO3zvDB+L7kYFm0I9u0s9jKHWQ6yKmfKeMjU9oXxTBxIufhCXm92SKwwVNAC7gjv+yA=="],

    "@cspell/dict-k8s": ["@cspell/dict-k8s@1.0.12", "", {}, "sha512-2LcllTWgaTfYC7DmkMPOn9GsBWsA4DZdlun4po8s2ysTP7CPEnZc1ZfK6pZ2eI4TsZemlUQQ+NZxMe9/QutQxg=="],

    "@cspell/dict-kotlin": ["@cspell/dict-kotlin@1.1.1", "", {}, "sha512-J3NzzfgmxRvEeOe3qUXnSJQCd38i/dpF9/t3quuWh6gXM+krsAXP75dY1CzDmS8mrJAlBdVBeAW5eAZTD8g86Q=="],

    "@cspell/dict-latex": ["@cspell/dict-latex@5.1.0", "", {}, "sha512-qxT4guhysyBt0gzoliXYEBYinkAdEtR2M7goRaUH0a7ltCsoqqAeEV8aXYRIdZGcV77gYSobvu3jJL038tlPAw=="],

    "@cspell/dict-lorem-ipsum": ["@cspell/dict-lorem-ipsum@4.0.5", "", {}, "sha512-9a4TJYRcPWPBKkQAJ/whCu4uCAEgv/O2xAaZEI0n4y1/l18Yyx8pBKoIX5QuVXjjmKEkK7hi5SxyIsH7pFEK9Q=="],

    "@cspell/dict-lua": ["@cspell/dict-lua@4.0.8", "", {}, "sha512-N4PkgNDMu9JVsRu7JBS/3E/dvfItRgk9w5ga2dKq+JupP2Y3lojNaAVFhXISh4Y0a6qXDn2clA6nvnavQ/jjLA=="],

    "@cspell/dict-makefile": ["@cspell/dict-makefile@1.0.5", "", {}, "sha512-4vrVt7bGiK8Rx98tfRbYo42Xo2IstJkAF4tLLDMNQLkQ86msDlYSKG1ZCk8Abg+EdNcFAjNhXIiNO+w4KflGAQ=="],

    "@cspell/dict-markdown": ["@cspell/dict-markdown@2.0.16", "", { "peerDependencies": { "@cspell/dict-css": "^4.1.1", "@cspell/dict-html": "^4.0.15", "@cspell/dict-html-symbol-entities": "^4.0.5", "@cspell/dict-typescript": "^3.2.3" } }, "sha512-976RRqKv6cwhrxdFCQP2DdnBVB86BF57oQtPHy4Zbf4jF/i2Oy29MCrxirnOBalS1W6KQeto7NdfDXRAwkK4PQ=="],

    "@cspell/dict-monkeyc": ["@cspell/dict-monkeyc@1.0.12", "", {}, "sha512-MN7Vs11TdP5mbdNFQP5x2Ac8zOBm97ARg6zM5Sb53YQt/eMvXOMvrep7+/+8NJXs0jkp70bBzjqU4APcqBFNAw=="],

    "@cspell/dict-node": ["@cspell/dict-node@5.0.9", "", {}, "sha512-hO+ga+uYZ/WA4OtiMEyKt5rDUlUyu3nXMf8KVEeqq2msYvAPdldKBGH7lGONg6R/rPhv53Rb+0Y1SLdoK1+7wQ=="],

    "@cspell/dict-npm": ["@cspell/dict-npm@5.2.38", "", {}, "sha512-21ucGRPYYhr91C2cDBoMPTrcIOStQv33xOqJB0JLoC5LAs2Sfj9EoPGhGb+gIFVHz6Ia7JQWE2SJsOVFJD1wmg=="],

    "@cspell/dict-php": ["@cspell/dict-php@4.1.1", "", {}, "sha512-EXelI+4AftmdIGtA8HL8kr4WlUE11OqCSVlnIgZekmTkEGSZdYnkFdiJ5IANSALtlQ1mghKjz+OFqVs6yowgWA=="],

    "@cspell/dict-powershell": ["@cspell/dict-powershell@5.0.15", "", {}, "sha512-l4S5PAcvCFcVDMJShrYD0X6Huv9dcsQPlsVsBGbH38wvuN7gS7+GxZFAjTNxDmTY1wrNi1cCatSg6Pu2BW4rgg=="],

    "@cspell/dict-public-licenses": ["@cspell/dict-public-licenses@2.0.16", "", {}, "sha512-EQRrPvEOmwhwWezV+W7LjXbIBjiy6y/shrET6Qcpnk3XANTzfvWflf9PnJ5kId/oKWvihFy0za0AV1JHd03pSQ=="],

    "@cspell/dict-python": ["@cspell/dict-python@4.2.26", "", { "dependencies": { "@cspell/dict-data-science": "^2.0.13" } }, "sha512-hbjN6BjlSgZOG2dA2DtvYNGBM5Aq0i0dHaZjMOI9K/9vRicVvKbcCiBSSrR3b+jwjhQL5ff7HwG5xFaaci0GQA=="],

    "@cspell/dict-r": ["@cspell/dict-r@2.1.1", "", {}, "sha512-71Ka+yKfG4ZHEMEmDxc6+blFkeTTvgKbKAbwiwQAuKl3zpqs1Y0vUtwW2N4b3LgmSPhV3ODVY0y4m5ofqDuKMw=="],

    "@cspell/dict-ruby": ["@cspell/dict-ruby@5.1.1", "", {}, "sha512-LHrp84oEV6q1ZxPPyj4z+FdKyq1XAKYPtmGptrd+uwHbrF/Ns5+fy6gtSi7pS+uc0zk3JdO9w/tPK+8N1/7WUA=="],

    "@cspell/dict-rust": ["@cspell/dict-rust@4.1.2", "", {}, "sha512-O1FHrumYcO+HZti3dHfBPUdnDFkI+nbYK3pxYmiM1sr+G0ebOd6qchmswS0Wsc6ZdEVNiPYJY/gZQR6jfW3uOg=="],

    "@cspell/dict-scala": ["@cspell/dict-scala@5.0.9", "", {}, "sha512-AjVcVAELgllybr1zk93CJ5wSUNu/Zb5kIubymR/GAYkMyBdYFCZ3Zbwn4Zz8GJlFFAbazABGOu0JPVbeY59vGg=="],

    "@cspell/dict-shell": ["@cspell/dict-shell@1.1.2", "", {}, "sha512-WqOUvnwcHK1X61wAfwyXq04cn7KYyskg90j4lLg3sGGKMW9Sq13hs91pqrjC44Q+lQLgCobrTkMDw9Wyl9nRFA=="],

    "@cspell/dict-software-terms": ["@cspell/dict-software-terms@5.2.2", "", {}, "sha512-0CaYd6TAsKtEoA7tNswm1iptEblTzEe3UG8beG2cpSTHk7afWIVMtJLgXDv0f/Li67Lf3Z1Jf3JeXR7GsJ2TRw=="],

    "@cspell/dict-sql": ["@cspell/dict-sql@2.2.1", "", {}, "sha512-qDHF8MpAYCf4pWU8NKbnVGzkoxMNrFqBHyG/dgrlic5EQiKANCLELYtGlX5auIMDLmTf1inA0eNtv74tyRJ/vg=="],

    "@cspell/dict-svelte": ["@cspell/dict-svelte@1.0.7", "", {}, "sha512-hGZsGqP0WdzKkdpeVLBivRuSNzOTvN036EBmpOwxH+FTY2DuUH7ecW+cSaMwOgmq5JFSdTcbTNFlNC8HN8lhaQ=="],

    "@cspell/dict-swift": ["@cspell/dict-swift@2.0.6", "", {}, "sha512-PnpNbrIbex2aqU1kMgwEKvCzgbkHtj3dlFLPMqW1vSniop7YxaDTtvTUO4zA++ugYAEL+UK8vYrBwDPTjjvSnA=="],

    "@cspell/dict-terraform": ["@cspell/dict-terraform@1.1.3", "", {}, "sha512-gr6wxCydwSFyyBKhBA2xkENXtVFToheqYYGFvlMZXWjviynXmh+NK/JTvTCk/VHk3+lzbO9EEQKee6VjrAUSbA=="],

    "@cspell/dict-typescript": ["@cspell/dict-typescript@3.2.3", "", {}, "sha512-zXh1wYsNljQZfWWdSPYwQhpwiuW0KPW1dSd8idjMRvSD0aSvWWHoWlrMsmZeRl4qM4QCEAjua8+cjflm41cQBg=="],

    "@cspell/dict-vue": ["@cspell/dict-vue@3.0.5", "", {}, "sha512-Mqutb8jbM+kIcywuPQCCaK5qQHTdaByoEO2J9LKFy3sqAdiBogNkrplqUK0HyyRFgCfbJUgjz3N85iCMcWH0JA=="],

    "@cspell/dict-zig": ["@cspell/dict-zig@1.0.0", "", {}, "sha512-XibBIxBlVosU06+M6uHWkFeT0/pW5WajDRYdXG2CgHnq85b0TI/Ks0FuBJykmsgi2CAD3Qtx8UHFEtl/DSFnAQ=="],

    "@cspell/dynamic-import": ["@cspell/dynamic-import@10.0.0", "", { "dependencies": { "@cspell/url": "10.0.0", "import-meta-resolve": "^4.2.0" } }, "sha512-fMqu/5Ma1Q5ZCR/Par+Q4pvaTKmx5pKZzQmkwld2hNounVdk2OaIPM9MzpNn6I1mLk5J+wTnIZmfcWNAzNP9aQ=="],

    "@cspell/filetypes": ["@cspell/filetypes@10.0.0", "", {}, "sha512-UP57j9yrDtlCHpFxc/eGho1m8DP5olfu9KRWwd5fiqL9nMSE2rUJtPzQyvqmDwO5bVZt3B+fTVdo4gxuiqw25A=="],

    "@cspell/rpc": ["@cspell/rpc@10.0.0", "", {}, "sha512-QrpOZMwz2pAjvl6Hky2PauYoMpLCASn3osjn7uKUbgFV70sahyj6tmx4rRgRX7vHu2WQLZev+YsuO4EujiBDOg=="],

    "@cspell/strong-weak-map": ["@cspell/strong-weak-map@10.0.0", "", {}, "sha512-JRsato0s2IjYdsng+AGL6oAqgZVQgih5aWKdmxs21H6EdhMaoFDmRE5kXm/RT5a6OMdtnzQM9DqeToqBChWIOQ=="],

    "@cspell/url": ["@cspell/url@10.0.0", "", {}, "sha512-q+0pHQ8DbqjemyaOn/mTtBRbCuKDqhnsVbZ6J9zkTsxPgMpccjy0s5oLXwomfrrxMRBH+UcbERwtUmE+SbnoIQ=="],

    "@oxlint/binding-android-arm-eabi": ["@oxlint/binding-android-arm-eabi@1.59.0", "", { "os": "android", "cpu": "arm" }, "sha512-etYDw/UaEv936AQUd/CRMBVd+e+XuuU6wC+VzOv1STvsTyZenLChepLWqLtnyTTp4YMlM22ypzogDDwqYxv5cg=="],

    "@oxlint/binding-android-arm64": ["@oxlint/binding-android-arm64@1.59.0", "", { "os": "android", "cpu": "arm64" }, "sha512-TgLc7XVLKH2a4h8j3vn1MDjfK33i9MY60f/bKhRGWyVzbk5LCZ4X01VZG7iHrMmi5vYbAp8//Ponigx03CLsdw=="],

    "@oxlint/binding-darwin-arm64": ["@oxlint/binding-darwin-arm64@1.59.0", "", { "os": "darwin", "cpu": "arm64" }, "sha512-DXyFPf5ZKldMLloRHx/B9fsxsiTQomaw7cmEW3YIJko2HgCh+GUhp9gGYwHrqlLJPsEe3dYj9JebjX92D3j3AA=="],

    "@oxlint/binding-darwin-x64": ["@oxlint/binding-darwin-x64@1.59.0", "", { "os": "darwin", "cpu": "x64" }, "sha512-LgvrsdgVLX1qWqIEmNsSmMXJhpAWdtUQ0M+oR0CySwi+9IHWyOGuIL8w8+u/kbZNMyZr4WUyYB5i0+D+AKgkLg=="],

    "@oxlint/binding-freebsd-x64": ["@oxlint/binding-freebsd-x64@1.59.0", "", { "os": "freebsd", "cpu": "x64" }, "sha512-bOJhqX/ny4hrFuTPlyk8foSRx/vLRpxJh0jOOKN2NWW6FScXHPAA5rQbrwdQPcgGB5V8Ua51RS03fke8ssBcug=="],

    "@oxlint/binding-linux-arm-gnueabihf": ["@oxlint/binding-linux-arm-gnueabihf@1.59.0", "", { "os": "linux", "cpu": "arm" }, "sha512-vVUXxYMF9trXCsz4m9H6U0IjehosVHxBzVgJUxly1uz4W1PdDyicaBnpC0KRXsHYretLVe+uS9pJy8iM57Kujw=="],

    "@oxlint/binding-linux-arm-musleabihf": ["@oxlint/binding-linux-arm-musleabihf@1.59.0", "", { "os": "linux", "cpu": "arm" }, "sha512-TULQW8YBPGRWg5yZpFPL54HLOnJ3/HiX6VenDPi6YfxB/jlItwSMFh3/hCeSNbh+DAMaE1Py0j5MOaivHkI/9Q=="],

    "@oxlint/binding-linux-arm64-gnu": ["@oxlint/binding-linux-arm64-gnu@1.59.0", "", { "os": "linux", "cpu": "arm64" }, "sha512-Gt54Y4eqSgYJ90xipm24xeyaPV854706o/kiT8oZvUt3VDY7qqxdqyGqchMaujd87ib+/MXvnl9WkK8Cc1BExg=="],

    "@oxlint/binding-linux-arm64-musl": ["@oxlint/binding-linux-arm64-musl@1.59.0", "", { "os": "linux", "cpu": "arm64" }, "sha512-3CtsKp7NFB3OfqQzbuAecrY7GIZeiv7AD+xutU4tefVQzlfmTI7/ygWLrvkzsDEjTlMq41rYHxgsn6Yh8tybmA=="],

    "@oxlint/binding-linux-ppc64-gnu": ["@oxlint/binding-linux-ppc64-gnu@1.59.0", "", { "os": "linux", "cpu": "ppc64" }, "sha512-K0diOpT3ncDmOfl9I1HuvpEsAuTxkts0VYwIv/w6Xiy9CdwyPBVX88Ga9l8VlGgMrwBMnSY4xIvVlVY/fkQk7Q=="],

    "@oxlint/binding-linux-riscv64-gnu": ["@oxlint/binding-linux-riscv64-gnu@1.59.0", "", { "os": "linux", "cpu": "none" }, "sha512-xAU7+QDU6kTJJ7mJLOGgo7oOjtAtkKyFZ0Yjdb5cEo3DiCCPFLvyr08rWiQh6evZ7RiUTf+o65NY/bqttzJiQQ=="],

    "@oxlint/binding-linux-riscv64-musl": ["@oxlint/binding-linux-riscv64-musl@1.59.0", "", { "os": "linux", "cpu": "none" }, "sha512-KUmZmKlTTyauOnvUNVxK7G40sSSx0+w5l1UhaGsC6KPpOYHenx2oqJTnabmpLJicok7IC+3Y6fXAUOMyexaeJQ=="],

    "@oxlint/binding-linux-s390x-gnu": ["@oxlint/binding-linux-s390x-gnu@1.59.0", "", { "os": "linux", "cpu": "s390x" }, "sha512-4usRxC8gS0PGdkHnRmwJt/4zrQNZyk6vL0trCxwZSsAKM+OxhB8nKiR+mhjdBbl8lbMh2gc3bZpNN/ik8c4c2A=="],

    "@oxlint/binding-linux-x64-gnu": ["@oxlint/binding-linux-x64-gnu@1.59.0", "", { "os": "linux", "cpu": "x64" }, "sha512-s/rNE2gDmbwAOOP493xk2X7M8LZfI1LJFSSW1+yanz3vuQCFPiHkx4GY+O1HuLUDtkzGlhtMrIcxxzyYLv308w=="],

    "@oxlint/binding-linux-x64-musl": ["@oxlint/binding-linux-x64-musl@1.59.0", "", { "os": "linux", "cpu": "x64" }, "sha512-+yYj1udJa2UvvIUmEm0IcKgc0UlPMgz0nsSTvkPL2y6n0uU5LgIHSwVu4AHhrve6j9BpVSoRksnz8c9QcvITJA=="],

    "@oxlint/binding-openharmony-arm64": ["@oxlint/binding-openharmony-arm64@1.59.0", "", { "os": "none", "cpu": "arm64" }, "sha512-bUplUb48LYsB3hHlQXP2ZMOenpieWoOyppLAnnAhuPag3MGPnt+7caxE3w/Vl9wpQsTA3gzLntQi9rxWrs7Xqg=="],

    "@oxlint/binding-win32-arm64-msvc": ["@oxlint/binding-win32-arm64-msvc@1.59.0", "", { "os": "win32", "cpu": "arm64" }, "sha512-/HLsLuz42rWl7h7ePdmMTpHm2HIDmPtcEMYgm5BBEHiEiuNOrzMaUpd2z7UnNni5LGN9obJy2YoAYBLXQwazrA=="],

    "@oxlint/binding-win32-ia32-msvc": ["@oxlint/binding-win32-ia32-msvc@1.59.0", "", { "os": "win32", "cpu": "ia32" }, "sha512-rUPy+JnanpPwV/aJCPnxAD1fW50+XPI0VkWr7f0vEbqcdsS8NpB24Rw6RsS7SdpFv8Dw+8ugCwao5nCFbqOUSg=="],

    "@oxlint/binding-win32-x64-msvc": ["@oxlint/binding-win32-x64-msvc@1.59.0", "", { "os": "win32", "cpu": "x64" }, "sha512-xkE7puteDS/vUyRngLXW0t8WgdWoS/tfxXjhP/P7SMqPDx+hs44SpssO3h3qmTqECYEuXBUPzcAw5257Ka+ofA=="],

    "@standard-schema/spec": ["@standard-schema/spec@1.0.0", "", {}, "sha512-m2bOd0f2RT9k8QJx1JN85cZYyH1RqFBdlwtkSlf4tBDYLCiiZnv1fIIwacK6cqwXavOydf0NPToMQgpKq+dVlA=="],

    "@types/bun": ["@types/bun@1.3.12", "", { "dependencies": { "bun-types": "1.3.12" } }, "sha512-DBv81elK+/VSwXHDlnH3Qduw+KxkTIWi7TXkAeh24zpi5l0B2kUg9Ga3tb4nJaPcOFswflgi/yAvMVBPrxMB+A=="],

    "@types/node": ["@types/node@24.0.10", "", { "dependencies": { "undici-types": "~7.8.0" } }, "sha512-ENHwaH+JIRTDIEEbDK6QSQntAYGtbvdDXnMXnZaZ6k13Du1dPMmprkEHIL7ok2Wl2aZevetwTAb5S+7yIF+enA=="],

    "@typescript/native-preview": ["@typescript/native-preview@7.0.0-dev.20260411.1", "", { "optionalDependencies": { "@typescript/native-preview-darwin-arm64": "7.0.0-dev.20260411.1", "@typescript/native-preview-darwin-x64": "7.0.0-dev.20260411.1", "@typescript/native-preview-linux-arm": "7.0.0-dev.20260411.1", "@typescript/native-preview-linux-arm64": "7.0.0-dev.20260411.1", "@typescript/native-preview-linux-x64": "7.0.0-dev.20260411.1", "@typescript/native-preview-win32-arm64": "7.0.0-dev.20260411.1", "@typescript/native-preview-win32-x64": "7.0.0-dev.20260411.1" }, "bin": { "tsgo": "bin/tsgo.js" } }, "sha512-cBk+dPa5x5r9wnh5lz3zSnj7YJM1s/tSCf5owex+OkjJLji3iJu7J9kTH1SvvxA5kmkY76qFYw3vFN9h8W3gBA=="],

    "@typescript/native-preview-darwin-arm64": ["@typescript/native-preview-darwin-arm64@7.0.0-dev.20260411.1", "", { "os": "darwin", "cpu": "arm64" }, "sha512-qdSDz0o4l4cEZhAn92ayzf7cKiMLrzSp9Xdk5mfaXpiahvxT39fNj5jiwDnRO+kHkHMMIYYL1nQbslSadargyg=="],

    "@typescript/native-preview-darwin-x64": ["@typescript/native-preview-darwin-x64@7.0.0-dev.20260411.1", "", { "os": "darwin", "cpu": "x64" }, "sha512-2Nea85rMeBZe2UV6V8vBVJ3mSFHn4XZ+ceXGFpnfsU2nay0l1ncoYw91JA/yPwM5ui3+pxAYwl8PWLCxlZCB3Q=="],

    "@typescript/native-preview-linux-arm": ["@typescript/native-preview-linux-arm@7.0.0-dev.20260411.1", "", { "os": "linux", "cpu": "arm" }, "sha512-8/LqqQDp73kvT7aWh3sAFglGaSxtjxHIhEgqZ7XWG7+1aHHJeL1bcmRnk7JyP3BE5SPzs3bQhFC6Cvj6WQwTqQ=="],

    "@typescript/native-preview-linux-arm64": ["@typescript/native-preview-linux-arm64@7.0.0-dev.20260411.1", "", { "os": "linux", "cpu": "arm64" }, "sha512-5QRz/eMIb1JtojvB0oeBbIc6ZNqZiiMUSRDsyp1qMJacdrs+1fbQ8MYFft5ceJe94mcolGHnbcozwPg8hf5fDg=="],

    "@typescript/native-preview-linux-x64": ["@typescript/native-preview-linux-x64@7.0.0-dev.20260411.1", "", { "os": "linux", "cpu": "x64" }, "sha512-H5NWP+ot/L+Tn9ds4W/t4Xx/CuxZF4iHDdRx2hCr/O0l8pBBq8C/MBJ/eUgVZXO4lD+8J6eQ7nOlGtJ0SS8Sbg=="],

    "@typescript/native-preview-win32-arm64": ["@typescript/native-preview-win32-arm64@7.0.0-dev.20260411.1", "", { "os": "win32", "cpu": "arm64" }, "sha512-/Zc1rotE/NS72xNc4UjaEKCBanBsQ/0/fS2sYLcN9yd6p6AYFYzmTWfbGy5qvv1ckXOI0dkOolLzK8nYbrJzbA=="],

    "@typescript/native-preview-win32-x64": ["@typescript/native-preview-win32-x64@7.0.0-dev.20260411.1", "", { "os": "win32", "cpu": "x64" }, "sha512-PhFL0w2Uz9jKdTtm7uy2PPl3nJiacX24jxzDD0R0eBHOY/49L3V5iD7eyBACPSzyWp0/dD7pPdKSnRbS3nVRng=="],

    "ansi-regex": ["ansi-regex@6.2.2", "", {}, "sha512-Bq3SmSpyFHaWjPk8If9yc6svM8c56dB5BAtW4Qbw5jHTwwXXcTLoRMkpDJp6VL0XzlWaCHTXrkFURMYmD0sLqg=="],

    "array-timsort": ["array-timsort@1.0.3", "", {}, "sha512-/+3GRL7dDAGEfM6TseQk/U+mi18TU2Ms9I3UlLdUMhz2hbvGNTKdj9xniwXfUqgYhHxRx0+8UnKkvlNwVU+cWQ=="],

    "boolbase": ["boolbase@1.0.0", "", {}, "sha512-JZOSA7Mo9sNGB8+UjSgzdLtokWAky1zbztM3WRLCbZ70/3cTANmQmOdR7y2g+J0e2WXywy1yS468tY+IruqEww=="],

    "bun-types": ["bun-types@1.3.12", "", { "dependencies": { "@types/node": "*" } }, "sha512-HqOLj5PoFajAQciOMRiIZGNoKxDJSr6qigAttOX40vJuSp6DN/CxWp9s3C1Xwm4oH7ybueITwiaOcWXoYVoRkA=="],

    "chalk": ["chalk@5.6.2", "", {}, "sha512-7NzBL0rN6fMUW+f7A6Io4h40qQlG+xGmtMxfbnH/K7TAtt8JQWVQK+6g0UXKMeVJoyV5EkkNsErQ8pVD3bLHbA=="],

    "chalk-template": ["chalk-template@1.1.2", "", { "dependencies": { "chalk": "^5.2.0" } }, "sha512-2bxTP2yUH7AJj/VAXfcA+4IcWGdQ87HwBANLt5XxGTeomo8yG0y95N1um9i5StvhT/Bl0/2cARA5v1PpPXUxUA=="],

    "code-block-writer": ["code-block-writer@13.0.3", "", {}, "sha512-Oofo0pq3IKnsFtuHqSF7TqBfr71aeyZDVJ0HpmqB7FBM2qEigL0iPONSCZSO9pE9dZTAxANe5XHG9Uy0YMv8cg=="],

    "commander": ["commander@14.0.3", "", {}, "sha512-H+y0Jo/T1RZ9qPP4Eh1pkcQcLRglraJaSLoyOtHxu6AapkjWVCy2Sit1QQ4x3Dng8qDlSsZEet7g5Pq06MvTgw=="],

    "comment-json": ["comment-json@4.6.2", "", { "dependencies": { "array-timsort": "^1.0.3", "esprima": "^4.0.1" } }, "sha512-R2rze/hDX30uul4NZoIZ76ImSJLFxn/1/ZxtKC1L77y2X1k+yYu1joKbAtMA2Fg3hZrTOiw0I5mwVMo0cf250w=="],

    "cspell": ["cspell@10.0.0", "", { "dependencies": { "@cspell/cspell-json-reporter": "10.0.0", "@cspell/cspell-performance-monitor": "10.0.0", "@cspell/cspell-pipe": "10.0.0", "@cspell/cspell-types": "10.0.0", "@cspell/cspell-worker": "10.0.0", "@cspell/dynamic-import": "10.0.0", "@cspell/url": "10.0.0", "ansi-regex": "^6.2.2", "chalk": "^5.6.2", "chalk-template": "^1.1.2", "commander": "^14.0.3", "cspell-config-lib": "10.0.0", "cspell-dictionary": "10.0.0", "cspell-gitignore": "10.0.0", "cspell-glob": "10.0.0", "cspell-io": "10.0.0", "cspell-lib": "10.0.0", "fast-json-stable-stringify": "^2.1.0", "flatted": "^3.4.2", "semver": "^7.7.4", "tinyglobby": "^0.2.15" }, "bin": { "cspell": "bin.mjs", "cspell-esm": "bin.mjs" } }, "sha512-R25gsSR1SLlcGyw48fwJwp0PjXrVdl7RDO/Dm5+s4DvC1uQSlyiUxsr/8ZtbyC/MPeUJFQN9B4luqLlSm0WelQ=="],

    "cspell-config-lib": ["cspell-config-lib@10.0.0", "", { "dependencies": { "@cspell/cspell-types": "10.0.0", "comment-json": "^4.6.2", "smol-toml": "^1.6.1", "yaml": "^2.8.3" } }, "sha512-HWK7SRnJ3N/kOThw/uzmXmQYCzBxu58Jkq2hHyte1voDl118BeNFoaNRWMpYdHbBi3kCj8gaZu8wGtm+Zmdhxw=="],

    "cspell-dictionary": ["cspell-dictionary@10.0.0", "", { "dependencies": { "@cspell/cspell-performance-monitor": "10.0.0", "@cspell/cspell-pipe": "10.0.0", "@cspell/cspell-types": "10.0.0", "cspell-trie-lib": "10.0.0", "fast-equals": "^6.0.0" } }, "sha512-KubSoEAJO+77KPSSWjoLCz0+MIWVNq3joGTSyxucAZrBSJD64Y1O4BHHr1aj6XHIZwXhWWNScQlrQR3OcIulng=="],

    "cspell-gitignore": ["cspell-gitignore@10.0.0", "", { "dependencies": { "@cspell/url": "10.0.0", "cspell-glob": "10.0.0", "cspell-io": "10.0.0" }, "bin": { "cspell-gitignore": "bin.mjs" } }, "sha512-55XLH9Y52eR7QgyV28Uaw8V9cN1YZ3PQIyrN9YBR4ndQNBKJxO9+jX1nwSspwnccCZiE/N+GGxFzRBb75JDSCw=="],

    "cspell-glob": ["cspell-glob@10.0.0", "", { "dependencies": { "@cspell/url": "10.0.0", "picomatch": "^4.0.4" } }, "sha512-bXS35fMcA9X7GEkfnWBfoPd/vTnxxfXW+YHt6tWxu5fejfs00qUbjWp1oLC9FxRaXWxIkfsYp2mi1k1jYl4RVw=="],

    "cspell-grammar": ["cspell-grammar@10.0.0", "", { "dependencies": { "@cspell/cspell-pipe": "10.0.0", "@cspell/cspell-types": "10.0.0" }, "bin": { "cspell-grammar": "bin.mjs" } }, "sha512-49udtYzkcCYEIDJbFOb4IwiAJebOYZnYvG6o6Ep19Tq0Xwjk7i4vxUprNiFNDCWFbcbJRPE9cpwQUVwp5WFGLw=="],

    "cspell-io": ["cspell-io@10.0.0", "", { "dependencies": { "@cspell/cspell-service-bus": "10.0.0", "@cspell/url": "10.0.0" } }, "sha512-NQCAUhx9DwKApxPuFl7EK1K1XSaQEAPld45yjjwv93xF8rJkEGkgzOwjbqafwAD20eKYv1a7oj/9EC0S5jETSw=="],

    "cspell-lib": ["cspell-lib@10.0.0", "", { "dependencies": { "@cspell/cspell-bundled-dicts": "10.0.0", "@cspell/cspell-performance-monitor": "10.0.0", "@cspell/cspell-pipe": "10.0.0", "@cspell/cspell-resolver": "10.0.0", "@cspell/cspell-types": "10.0.0", "@cspell/dynamic-import": "10.0.0", "@cspell/filetypes": "10.0.0", "@cspell/rpc": "10.0.0", "@cspell/strong-weak-map": "10.0.0", "@cspell/url": "10.0.0", "cspell-config-lib": "10.0.0", "cspell-dictionary": "10.0.0", "cspell-glob": "10.0.0", "cspell-grammar": "10.0.0", "cspell-io": "10.0.0", "cspell-trie-lib": "10.0.0", "env-paths": "^4.0.0", "gensequence": "^8.0.8", "import-fresh": "^4.0.0", "resolve-from": "^5.0.0", "vscode-languageserver-textdocument": "^1.0.12", "vscode-uri": "^3.1.0", "xdg-basedir": "^5.1.0" } }, "sha512-PowW6JEjuv/F2aFEirZvBxpzHdchOnpsUJbeIcFcai0++taLTbHQObROBEBf7e0S8DnHpVD5TZkqrTME5e44wg=="],

    "cspell-trie-lib": ["cspell-trie-lib@10.0.0", "", { "peerDependencies": { "@cspell/cspell-types": "10.0.0" } }, "sha512-R8qrMx10E/bm3Lecslwxn9XYo5NzSRK1rtandEX5n9UmEYHoBXjZELkg5+TOnV8VgrVaJSK57XtcGrbKp/4kSg=="],

    "css-select": ["css-select@5.1.0", "", { "dependencies": { "boolbase": "^1.0.0", "css-what": "^6.1.0", "domhandler": "^5.0.2", "domutils": "^3.0.1", "nth-check": "^2.0.1" } }, "sha512-nwoRF1rvRRnnCqqY7updORDsuqKzqYJ28+oSMaJMMgOauh3fvwHqMS7EZpIPqK8GL+g9mKxF1vP/ZjSeNjEVHg=="],

    "css-what": ["css-what@6.1.0", "", {}, "sha512-HTUrgRJ7r4dsZKU6GjmpfRK1O76h97Z8MfS1G0FozR+oF2kG6Vfe8JE6zwrkbxigziPHinCJ+gCPjA9EaBDtRw=="],

    "cssom": ["cssom@0.5.0", "", {}, "sha512-iKuQcq+NdHqlAcwUY0o/HL69XQrUaQdMjmStJ8JFmUaiiQErlhrmuigkg/CU4E2J0IyUKUrMAgl36TvN67MqTw=="],

    "dataloader": ["dataloader@2.2.3", "", {}, "sha512-y2krtASINtPFS1rSDjacrFgn1dcUuoREVabwlOGOe4SdxenREqwjwjElAdwvbGM7kgZz9a3KVicWR7vcz8rnzA=="],

    "dedent": ["dedent@1.7.2", "", { "peerDependencies": { "babel-plugin-macros": "^3.1.0" }, "optionalPeers": ["babel-plugin-macros"] }, "sha512-WzMx3mW98SN+zn3hgemf4OzdmyNhhhKz5Ay0pUfQiMQ3e1g+xmTJWp/pKdwKVXhdSkAEGIIzqeuWrL3mV/AXbA=="],

    "dom-serializer": ["dom-serializer@2.0.0", "", { "dependencies": { "domelementtype": "^2.3.0", "domhandler": "^5.0.2", "entities": "^4.2.0" } }, "sha512-wIkAryiqt/nV5EQKqQpo3SToSOV9J0DnbJqwK7Wv/Trc92zIAYZ4FlMu+JPFW1DfGFt81ZTCGgDEabffXeLyJg=="],

    "domelementtype": ["domelementtype@2.3.0", "", {}, "sha512-OLETBj6w0OsagBwdXnPdN0cnMfF9opN69co+7ZrbfPGrdpPVNBUj02spi6B1N7wChLQiPn4CSH/zJvXw56gmHw=="],

    "domhandler": ["domhandler@5.0.3", "", { "dependencies": { "domelementtype": "^2.3.0" } }, "sha512-cgwlv/1iFQiFnU96XXgROh8xTeetsnJiDsTc7TYCLFd9+/WNkIqPTxiM/8pSd8VIrhXGTf1Ny1q1hquVqDJB5w=="],

    "domutils": ["domutils@3.1.0", "", { "dependencies": { "dom-serializer": "^2.0.0", "domelementtype": "^2.3.0", "domhandler": "^5.0.3" } }, "sha512-H78uMmQtI2AhgDJjWeQmHwJJ2bLPD3GMmO7Zja/ZZh84wkm+4ut+IUnUdRa8uCGX88DiVx1j6FRe1XfxEgjEZA=="],

    "entities": ["entities@7.0.1", "", {}, "sha512-TWrgLOFUQTH994YUyl1yT4uyavY5nNB5muff+RtWaqNVCAK408b5ZnnbNAUEWLTCpum9w6arT70i1XdQ4UeOPA=="],

    "env-paths": ["env-paths@4.0.0", "", { "dependencies": { "is-safe-filename": "^0.1.0" } }, "sha512-pxP8eL2SwwaTRi/KHYwLYXinDs7gL3jxFcBYmEdYfZmZXbaVDvdppd0XBU8qVz03rDfKZMXg1omHCbsJjZrMsw=="],

    "esprima": ["esprima@4.0.1", "", { "bin": { "esparse": "./bin/esparse.js", "esvalidate": "./bin/esvalidate.js" } }, "sha512-eGuFFw7Upda+g4p+QHvnW0RyTX/SVeJBDM/gCtMARO0cLuT2HcEKnTPvhjV6aGeqrCB/sbNop0Kszm0jsaWU4A=="],

    "fast-equals": ["fast-equals@6.0.0", "", {}, "sha512-PFhhIGgdM79r5Uztdj9Zb6Tt1zKafqVfdMGwVca1z5z6fbX7DmsySSuJd8HiP6I1j505DCS83cLxo5rmSNeVEA=="],

    "fast-json-stable-stringify": ["fast-json-stable-stringify@2.1.0", "", {}, "sha512-lhd/wF+Lk98HZoTCtlVraHtfh5XYijIjalXck7saUtuanSDyLMxnHhSXEDJqHxD7msR8D0uCmqlkwjCV8xvwHw=="],

    "fdir": ["fdir@6.5.0", "", { "peerDependencies": { "picomatch": "^3 || ^4" }, "optionalPeers": ["picomatch"] }, "sha512-tIbYtZbucOs0BRGqPJkshJUYdL+SDH7dVM8gjy+ERp3WAUjLEFJE+02kanyHtwjWOnwrKYBiwAmM0p4kLJAnXg=="],

    "flatted": ["flatted@3.4.2", "", {}, "sha512-PjDse7RzhcPkIJwy5t7KPWQSZ9cAbzQXcafsetQoD7sOJRQlGikNbx7yZp2OotDnJyrDcbyRq3Ttb18iYOqkxA=="],

    "gensequence": ["gensequence@8.0.8", "", {}, "sha512-omMVniXEXpdx/vKxGnPRoO2394Otlze28TyxECbFVyoSpZ9H3EO7lemjcB12OpQJzRW4e5tt/dL1rOxry6aMHg=="],

    "global-directory": ["global-directory@5.0.0", "", { "dependencies": { "ini": "6.0.0" } }, "sha512-1pgFdhK3J2LeM+dVf2Pd424yHx2ou338lC0ErNP2hPx4j8eW1Sp0XqSjNxtk6Tc4Kr5wlWtSvz8cn2yb7/SG/w=="],

    "graphql": ["graphql@16.13.2", "", {}, "sha512-5bJ+nf/UCpAjHM8i06fl7eLyVC9iuNAjm9qzkiu2ZGhM0VscSvS6WDPfAwkdkBuoXGM9FJSbKl6wylMwP9Ktig=="],

    "html-escaper": ["html-escaper@3.0.3", "", {}, "sha512-RuMffC89BOWQoY0WKGpIhn5gX3iI54O6nRA0yC124NYVtzjmFWBIiFd8M0x+ZdX0P9R4lADg1mgP8C7PxGOWuQ=="],

    "htmlparser2": ["htmlparser2@10.1.0", "", { "dependencies": { "domelementtype": "^2.3.0", "domhandler": "^5.0.3", "domutils": "^3.2.2", "entities": "^7.0.1" } }, "sha512-VTZkM9GWRAtEpveh7MSF6SjjrpNVNNVJfFup7xTY3UpFtm67foy9HDVXneLtFVt4pMz5kZtgNcvCniNFb1hlEQ=="],

    "import-fresh": ["import-fresh@4.0.0", "", {}, "sha512-Fpi660c7VPDM3fPKYovStd9IP1CPOikf6v/dGxJJMmHPcwYQIMJ4W7kO1avBYEpMqkCh+Dx3Ln6H7VYqgztLjw=="],

    "import-meta-resolve": ["import-meta-resolve@4.2.0", "", {}, "sha512-Iqv2fzaTQN28s/FwZAoFq0ZSs/7hMAHJVX+w8PZl3cY19Pxk6jFFalxQoIfW2826i/fDLXv8IiEZRIT0lDuWcg=="],

    "ini": ["ini@6.0.0", "", {}, "sha512-IBTdIkzZNOpqm7q3dRqJvMaldXjDHWkEDfrwGEQTs5eaQMWV+djAhR+wahyNNMAa+qpbDUhBMVt4ZKNwpPm7xQ=="],

    "is-safe-filename": ["is-safe-filename@0.1.1", "", {}, "sha512-4SrR7AdnY11LHfDKTZY1u6Ga3RuxZdl3YKWWShO5iyuG5h8QS4GD2tOb04peBJ5I7pXbR+CGBNEhTcwK+FzN3g=="],

    "linkedom": ["linkedom@0.18.12", "", { "dependencies": { "css-select": "^5.1.0", "cssom": "^0.5.0", "html-escaper": "^3.0.3", "htmlparser2": "^10.0.0", "uhyphen": "^0.2.0" }, "peerDependencies": { "canvas": ">= 2" }, "optionalPeers": ["canvas"] }, "sha512-jalJsOwIKuQJSeTvsgzPe9iJzyfVaEJiEXl+25EkKevsULHvMJzpNqwvj1jOESWdmgKDiXObyjOYwlUqG7wo1Q=="],

    "nano-staged": ["nano-staged@1.0.2", "", { "bin": { "nano-staged": "lib/bin.js" } }, "sha512-Fytar3zHLY99nlMfqPPbraxZodqQAHPpdPRyYaplL+lB9DCR6pUrafxbG+Btz4+7fO5Rm/+DO4ZeDO/nLSUMhw=="],

    "nth-check": ["nth-check@2.1.1", "", { "dependencies": { "boolbase": "^1.0.0" } }, "sha512-lqjrjmaOoAnWfMmBPL+XNnynZh2+swxiX3WUE0s4yEHI6m+AwrK2UZOimIRl3X/4QctVqS8AiZjFqyOGrMXb/w=="],

    "openapi-types": ["openapi-types@12.1.3", "", {}, "sha512-N4YtSYJqghVu4iek2ZUvcN/0aqH1kRDuNqzcycDxhOUpg7GdvLa2F3DgS6yBNhInhv2r/6I0Flkn7CqL8+nIcw=="],

    "oxlint": ["oxlint@1.59.0", "", { "optionalDependencies": { "@oxlint/binding-android-arm-eabi": "1.59.0", "@oxlint/binding-android-arm64": "1.59.0", "@oxlint/binding-darwin-arm64": "1.59.0", "@oxlint/binding-darwin-x64": "1.59.0", "@oxlint/binding-freebsd-x64": "1.59.0", "@oxlint/binding-linux-arm-gnueabihf": "1.59.0", "@oxlint/binding-linux-arm-musleabihf": "1.59.0", "@oxlint/binding-linux-arm64-gnu": "1.59.0", "@oxlint/binding-linux-arm64-musl": "1.59.0", "@oxlint/binding-linux-ppc64-gnu": "1.59.0", "@oxlint/binding-linux-riscv64-gnu": "1.59.0", "@oxlint/binding-linux-riscv64-musl": "1.59.0", "@oxlint/binding-linux-s390x-gnu": "1.59.0", "@oxlint/binding-linux-x64-gnu": "1.59.0", "@oxlint/binding-linux-x64-musl": "1.59.0", "@oxlint/binding-openharmony-arm64": "1.59.0", "@oxlint/binding-win32-arm64-msvc": "1.59.0", "@oxlint/binding-win32-ia32-msvc": "1.59.0", "@oxlint/binding-win32-x64-msvc": "1.59.0" }, "peerDependencies": { "oxlint-tsgolint": ">=0.18.0" }, "optionalPeers": ["oxlint-tsgolint"], "bin": { "oxlint": "bin/oxlint" } }, "sha512-0xBLeGGjP4vD9pygRo8iuOkOzEU1MqOnfiOl7KYezL/QvWL8NUg6n03zXc7ZVqltiOpUxBk2zgHI3PnRIEdAvw=="],

    "picomatch": ["picomatch@4.0.4", "", {}, "sha512-QP88BAKvMam/3NxH6vj2o21R6MjxZUAd6nlwAS/pnGvN9IVLocLHxGYIzFhg6fUQ+5th6P4dv4eW9jX3DSIj7A=="],

    "prettier": ["prettier@3.8.2", "", { "bin": { "prettier": "bin/prettier.cjs" } }, "sha512-8c3mgTe0ASwWAJK+78dpviD+A8EqhndQPUBpNUIPt6+xWlIigCwfN01lWr9MAede4uqXGTEKeQWTvzb3vjia0Q=="],

    "resolve-from": ["resolve-from@5.0.0", "", {}, "sha512-qYg9KP24dD5qka9J47d0aVky0N+b4fTU89LN9iDnjB5waksiC49rvMB0PrUJQGoTmH50XPiqOvAjDfaijGxYZw=="],

    "rou3": ["rou3@0.7.12", "", {}, "sha512-iFE4hLDuloSWcD7mjdCDhx2bKcIsYbtOTpfH5MHHLSKMOUyjqQXTeZVa289uuwEGEKFoE/BAPbhaU4B774nceg=="],

    "scule": ["scule@1.3.0", "", {}, "sha512-6FtHJEvt+pVMIB9IBY+IcCJ6Z5f1iQnytgyfKMhDKgmzYG+TeH/wx1y3l27rshSbLiSanrR9ffZDrEsmjlQF2g=="],

    "semver": ["semver@7.7.4", "", { "bin": { "semver": "bin/semver.js" } }, "sha512-vFKC2IEtQnVhpT78h1Yp8wzwrf8CM+MzKMHGJZfBtzhZNycRFnXsHk6E5TxIkkMsgNS7mdX3AGB7x2QM2di4lA=="],

    "simple-git-hooks": ["simple-git-hooks@2.13.1", "", { "bin": { "simple-git-hooks": "cli.js" } }, "sha512-WszCLXwT4h2k1ufIXAgsbiTOazqqevFCIncOuUBZJ91DdvWcC5+OFkluWRQPrcuSYd8fjq+o2y1QfWqYMoAToQ=="],

    "smol-toml": ["smol-toml@1.6.1", "", {}, "sha512-dWUG8F5sIIARXih1DTaQAX4SsiTXhInKf1buxdY9DIg4ZYPZK5nGM1VRIYmEbDbsHt7USo99xSLFu5Q1IqTmsg=="],

    "tinyglobby": ["tinyglobby@0.2.16", "", { "dependencies": { "fdir": "^6.5.0", "picomatch": "^4.0.4" } }, "sha512-pn99VhoACYR8nFHhxqix+uvsbXineAasWm5ojXoN8xEwK5Kd3/TrhNn1wByuD52UxWRLy8pu+kRMniEi6Eq9Zg=="],

    "uhyphen": ["uhyphen@0.2.0", "", {}, "sha512-qz3o9CHXmJJPGBdqzab7qAYuW8kQGKNEuoHFYrBwV6hWIMcpAmxDLXojcHfFr9US1Pe6zUswEIJIbLI610fuqA=="],

    "undici-types": ["undici-types@7.8.0", "", {}, "sha512-9UJ2xGDvQ43tYyVMpuHlsgApydB8ZKfVYTsLDhXkFL/6gfkp+U8xTGdh8pMJv1SpZna0zxG1DwsKZsreLbXBxw=="],

    "vscode-languageserver-textdocument": ["vscode-languageserver-textdocument@1.0.12", "", {}, "sha512-cxWNPesCnQCcMPeenjKKsOCKQZ/L6Tv19DTRIGuLWe32lyzWhihGVJ/rcckZXJxfdKCFvRLS3fpBIsV/ZGX4zA=="],

    "vscode-uri": ["vscode-uri@3.1.0", "", {}, "sha512-/BpdSx+yCQGnCvecbyXdxHDkuk55/G3xwnC0GqY4gmQ3j+A+g8kzzgB4Nk/SINjqn6+waqw3EgbVF2QKExkRxQ=="],

    "xdg-basedir": ["xdg-basedir@5.1.0", "", {}, "sha512-GCPAHLvrIH13+c0SuacwvRYj2SxJXQ4kaVTT5xgL3kPrz56XxkF21IGhjSE1+W0aw7gpBWRGXLCPnPby6lSpmQ=="],

    "yaml": ["yaml@2.8.3", "", { "bin": { "yaml": "bin.mjs" } }, "sha512-AvbaCLOO2Otw/lW5bmh9d/WEdcDFdQp2Z2ZUH3pX9U2ihyUY0nvLv7J6TrWowklRGPYbB/IuIMfYgxaCPg5Bpg=="],

    "zod": ["zod@4.3.6", "", {}, "sha512-rftlrkhHZOcjDwkGlnUtZZkvaPHCsDATp4pGpuOOMDaTdDDXF91wuVDJoWoPsKX/3YPQ5fHuF3STjcYyKr+Qhg=="],

    "dom-serializer/entities": ["entities@4.5.0", "", {}, "sha512-V0hjH4dGPh9Ao5p0MoRY6BVqtwCjhz6vI5LT8AJ55H+4g9/4vbHx1I54fS0XuclLhDHArPQCiMjDxjaL8fPxhw=="],

    "htmlparser2/domutils": ["domutils@3.2.2", "", { "dependencies": { "dom-serializer": "^2.0.0", "domelementtype": "^2.3.0", "domhandler": "^5.0.3" } }, "sha512-6kZKyUajlDuqlHKVX1w7gyslj9MPIXzIFiz/rGu35uC1wMi+kMhQwGhl4lt9unC9Vb9INnY9Z3/ZA3+FhASLaw=="],
  }
}
